
Microsoft Visual Studio Solution File, Format Version 12.00
# Visual Studio 15
VisualStudioVersion = 15.0.28010.2046
MinimumVisualStudioVersion = 10.0.40219.1
Project("{FAE04EC0-301F-11D3-BF4B-00C04F79EFBC}") = "XmlUtils", "XmlUtils\XmlUtils.csproj", "{A3F55451-5BC1-459F-B1A5-2BB7F791DFD2}"
EndProject
Global
	GlobalSection(SolutionConfigurationPlatforms) = preSolution
		Debug|Any CPU = Debug|Any CPU
		Release|Any CPU = Release|Any CPU
	EndGlobalSection
	GlobalSection(ProjectConfigurationPlatforms) = postSolution
		{A3F55451-5BC1-459F-B1A5-2BB7F791DFD2}.Debug|Any CPU.ActiveCfg = Debug|Any CPU
		{A3F55451-5BC1-459F-B1A5-2BB7F791DFD2}.Debug|Any CPU.Build.0 = Debug|Any CPU
		{A3F55451-5BC1-459F-B1A5-2BB7F791DFD2}.Release|Any CPU.ActiveCfg = Release|Any CPU
		{A3F55451-5BC1-459F-B1A5-2BB7F791DFD2}.Release|Any CPU.Build.0 = Release|Any CPU
	EndGlobalSection
	GlobalSection(SolutionProperties) = preSolution
		HideSolutionNode = FALSE
	EndGlobalSection
	GlobalSection(ExtensibilityGlobals) = postSolution
		SolutionGuid = {55507E75-099B-482E-96E5-948C09B5CC1B}
	EndGlobalSection
EndGlobal
